
Microsoft Visual Studio Solution File, Format Version 12.00
# Visual Studio 14
VisualStudioVersion = 14.0.23107.0
MinimumVisualStudioVersion = 10.0.40219.1
Project("{FAE04EC0-301F-11D3-BF4B-00C04F79EFBC}") = "App", "App.csproj", "{507C33AC-A1BD-47AC-9D66-6F65B004C0DD}"
EndProject
Project("{2150E333-8FDC-42A3-9474-1A3956D46DE8}") = ".nuget", ".nuget", "{F906C2DF-E37C-4654-982E-EBD6FE92BC52}"
	ProjectSection(SolutionItems) = preProject
		.nuget\NuGet.Config = .nuget\NuGet.Config
		.nuget\NuGet.exe = .nuget\NuGet.exe
		.nuget\NuGet.targets = .nuget\NuGet.targets
	EndProjectSection
EndProject
Project("{FAE04EC0-301F-11D3-BF4B-00C04F79EFBC}") = "Thumbnailer", "Thumbnailer\Thumbnailer.csproj", "{605A55AA-8390-4C56-A96C-6D9D100F338B}"
EndProject
Project("{2150E333-8FDC-42A3-9474-1A3956D46DE8}") = "Solution Items", "Solution Items", "{F895CCCE-D1BD-4DAE-8650-C2DD149E88CE}"
EndProject
Project("{FAE04EC0-301F-11D3-BF4B-00C04F79EFBC}") = "Dumper", "Dumper\Dumper.csproj", "{A11AC57B-4629-4DB5-9806-B1DA16C8CA23}"
EndProject
Project("{FAE04EC0-301F-11D3-BF4B-00C04F79EFBC}") = "SidekaImporter", "SidekaImporter\SidekaImporter.csproj", "{4AFBAD99-A298-4F46-969B-97615E3701E4}"
EndProject
Global
	GlobalSection(SolutionConfigurationPlatforms) = preSolution
		Debug|Any CPU = Debug|Any CPU
		Release|Any CPU = Release|Any CPU
	EndGlobalSection
	GlobalSection(ProjectConfigurationPlatforms) = postSolution
		{507C33AC-A1BD-47AC-9D66-6F65B004C0DD}.Debug|Any CPU.ActiveCfg = Debug|Any CPU
		{507C33AC-A1BD-47AC-9D66-6F65B004C0DD}.Debug|Any CPU.Build.0 = Debug|Any CPU
		{507C33AC-A1BD-47AC-9D66-6F65B004C0DD}.Release|Any CPU.ActiveCfg = Release|Any CPU
		{507C33AC-A1BD-47AC-9D66-6F65B004C0DD}.Release|Any CPU.Build.0 = Release|Any CPU
		{605A55AA-8390-4C56-A96C-6D9D100F338B}.Debug|Any CPU.ActiveCfg = Debug|Any CPU
		{605A55AA-8390-4C56-A96C-6D9D100F338B}.Debug|Any CPU.Build.0 = Debug|Any CPU
		{605A55AA-8390-4C56-A96C-6D9D100F338B}.Release|Any CPU.ActiveCfg = Release|Any CPU
		{605A55AA-8390-4C56-A96C-6D9D100F338B}.Release|Any CPU.Build.0 = Release|Any CPU
		{A11AC57B-4629-4DB5-9806-B1DA16C8CA23}.Debug|Any CPU.ActiveCfg = Debug|Any CPU
		{A11AC57B-4629-4DB5-9806-B1DA16C8CA23}.Debug|Any CPU.Build.0 = Debug|Any CPU
		{A11AC57B-4629-4DB5-9806-B1DA16C8CA23}.Release|Any CPU.ActiveCfg = Release|Any CPU
		{A11AC57B-4629-4DB5-9806-B1DA16C8CA23}.Release|Any CPU.Build.0 = Release|Any CPU
		{4AFBAD99-A298-4F46-969B-97615E3701E4}.Debug|Any CPU.ActiveCfg = Debug|Any CPU
		{4AFBAD99-A298-4F46-969B-97615E3701E4}.Debug|Any CPU.Build.0 = Debug|Any CPU
		{4AFBAD99-A298-4F46-969B-97615E3701E4}.Release|Any CPU.ActiveCfg = Release|Any CPU
		{4AFBAD99-A298-4F46-969B-97615E3701E4}.Release|Any CPU.Build.0 = Release|Any CPU
	EndGlobalSection
	GlobalSection(SolutionProperties) = preSolution
		HideSolutionNode = FALSE
	EndGlobalSection
EndGlobal
